{
  "name": "CodeRED-Redacted",
  "lockfileVersion": 2,
  "requires": true,
  "packages": {
    "": {
      "dependencies": {
        "duffel": "^0.0.2"
      }
    },
    "node_modules/duffel": {
      "version": "0.0.2",
      "resolved": "https://registry.npmjs.org/duffel/-/duffel-0.0.2.tgz",
      "integrity": "sha512-QPpaXAJDOPLpqagBK8/gsmdnuldpu4WGaIvqb2JNjUExgiAcM1x37QuJ+7qX9lOZl1GwjixpuhxfDSv9XvosMA=="
    }
  },
  "dependencies": {
    "duffel": {
      "version": "0.0.2",
      "resolved": "https://registry.npmjs.org/duffel/-/duffel-0.0.2.tgz",
      "integrity": "sha512-QPpaXAJDOPLpqagBK8/gsmdnuldpu4WGaIvqb2JNjUExgiAcM1x37QuJ+7qX9lOZl1GwjixpuhxfDSv9XvosMA=="
    }
  }
}
